
Microsoft Visual Studio Solution File, Format Version 11.00
# Visual Studio 2010
Project("{FAE04EC0-301F-11D3-BF4B-00C04F79EFBC}") = "Assembly-CSharp", "Assembly-CSharp.csproj", "{775d83b2-7a0f-d1ce-6a28-1c9f70ebbaac}"
EndProject
Project("{FAE04EC0-301F-11D3-BF4B-00C04F79EFBC}") = "Assembly-CSharp-firstpass", "Assembly-CSharp-firstpass.csproj", "{9f285858-1689-582a-1a96-826c39abb856}"
EndProject
Global
	GlobalSection(SolutionConfigurationPlatforms) = preSolution
		Debug|Any CPU = Debug|Any CPU
	EndGlobalSection
	GlobalSection(ProjectConfigurationPlatforms) = postSolution
		{775d83b2-7a0f-d1ce-6a28-1c9f70ebbaac}.Debug|Any CPU.ActiveCfg = Debug|Any CPU
		{775d83b2-7a0f-d1ce-6a28-1c9f70ebbaac}.Debug|Any CPU.Build.0 = Debug|Any CPU
		{9f285858-1689-582a-1a96-826c39abb856}.Debug|Any CPU.ActiveCfg = Debug|Any CPU
		{9f285858-1689-582a-1a96-826c39abb856}.Debug|Any CPU.Build.0 = Debug|Any CPU
	EndGlobalSection
	GlobalSection(SolutionProperties) = preSolution
		HideSolutionNode = FALSE
	EndGlobalSection
EndGlobal
